
Microsoft Visual Studio Solution File, Format Version 12.00
# Visual Studio 15
VisualStudioVersion = 15.0.27428.2043
MinimumVisualStudioVersion = 10.0.40219.1
Project("{FAE04EC0-301F-11D3-BF4B-00C04F79EFBC}") = "YaIoCContainer", "YaIoCContainer\YaIoCContainer.csproj", "{774388A1-6811-4DF2-B4DD-D4E122ECD677}"
EndProject
Project("{FAE04EC0-301F-11D3-BF4B-00C04F79EFBC}") = "YaIoCContainer.Tests", "YaIoCContainer.Tests\YaIoCContainer.Tests.csproj", "{903F7335-07F0-40B8-BFE1-F9FEA3BC3E6F}"
EndProject
Project("{FAE04EC0-301F-11D3-BF4B-00C04F79EFBC}") = "CommandDecorator", "CommandDecorator\CommandDecorator.csproj", "{C5B860AF-B5DB-48BE-900C-4180406B2626}"
EndProject
Project("{FAE04EC0-301F-11D3-BF4B-00C04F79EFBC}") = "CommandDecorator.Tests", "CommandDecorator.Tests\CommandDecorator.Tests.csproj", "{12D1F8A0-9680-4102-BFCF-1AC77F5BDBF2}"
EndProject
Global
	GlobalSection(SolutionConfigurationPlatforms) = preSolution
		Debug|Any CPU = Debug|Any CPU
		Release|Any CPU = Release|Any CPU
	EndGlobalSection
	GlobalSection(ProjectConfigurationPlatforms) = postSolution
		{774388A1-6811-4DF2-B4DD-D4E122ECD677}.Debug|Any CPU.ActiveCfg = Debug|Any CPU
		{774388A1-6811-4DF2-B4DD-D4E122ECD677}.Debug|Any CPU.Build.0 = Debug|Any CPU
		{774388A1-6811-4DF2-B4DD-D4E122ECD677}.Release|Any CPU.ActiveCfg = Release|Any CPU
		{774388A1-6811-4DF2-B4DD-D4E122ECD677}.Release|Any CPU.Build.0 = Release|Any CPU
		{903F7335-07F0-40B8-BFE1-F9FEA3BC3E6F}.Debug|Any CPU.ActiveCfg = Debug|Any CPU
		{903F7335-07F0-40B8-BFE1-F9FEA3BC3E6F}.Debug|Any CPU.Build.0 = Debug|Any CPU
		{903F7335-07F0-40B8-BFE1-F9FEA3BC3E6F}.Release|Any CPU.ActiveCfg = Release|Any CPU
		{903F7335-07F0-40B8-BFE1-F9FEA3BC3E6F}.Release|Any CPU.Build.0 = Release|Any CPU
		{C5B860AF-B5DB-48BE-900C-4180406B2626}.Debug|Any CPU.ActiveCfg = Debug|Any CPU
		{C5B860AF-B5DB-48BE-900C-4180406B2626}.Debug|Any CPU.Build.0 = Debug|Any CPU
		{C5B860AF-B5DB-48BE-900C-4180406B2626}.Release|Any CPU.ActiveCfg = Release|Any CPU
		{C5B860AF-B5DB-48BE-900C-4180406B2626}.Release|Any CPU.Build.0 = Release|Any CPU
		{12D1F8A0-9680-4102-BFCF-1AC77F5BDBF2}.Debug|Any CPU.ActiveCfg = Debug|Any CPU
		{12D1F8A0-9680-4102-BFCF-1AC77F5BDBF2}.Debug|Any CPU.Build.0 = Debug|Any CPU
		{12D1F8A0-9680-4102-BFCF-1AC77F5BDBF2}.Release|Any CPU.ActiveCfg = Release|Any CPU
		{12D1F8A0-9680-4102-BFCF-1AC77F5BDBF2}.Release|Any CPU.Build.0 = Release|Any CPU
	EndGlobalSection
	GlobalSection(SolutionProperties) = preSolution
		HideSolutionNode = FALSE
	EndGlobalSection
	GlobalSection(ExtensibilityGlobals) = postSolution
		SolutionGuid = {37F0BE74-3C78-451B-BB2B-ACA0ABBD8585}
	EndGlobalSection
EndGlobal
